
Microsoft Visual Studio Solution File, Format Version 12.00
# Visual Studio 14
VisualStudioVersion = 14.0.25420.1
MinimumVisualStudioVersion = 10.0.40219.1
Project("{FAE04EC0-301F-11D3-BF4B-00C04F79EFBC}") = "prueva2", "prueva2\prueva2.csproj", "{C9CE2816-B95E-4486-BCC3-00A559198E88}"
EndProject
Global
	GlobalSection(SolutionConfigurationPlatforms) = preSolution
		Debug|Any CPU = Debug|Any CPU
		Release|Any CPU = Release|Any CPU
	EndGlobalSection
	GlobalSection(ProjectConfigurationPlatforms) = postSolution
		{C9CE2816-B95E-4486-BCC3-00A559198E88}.Debug|Any CPU.ActiveCfg = Debug|Any CPU
		{C9CE2816-B95E-4486-BCC3-00A559198E88}.Debug|Any CPU.Build.0 = Debug|Any CPU
		{C9CE2816-B95E-4486-BCC3-00A559198E88}.Release|Any CPU.ActiveCfg = Release|Any CPU
		{C9CE2816-B95E-4486-BCC3-00A559198E88}.Release|Any CPU.Build.0 = Release|Any CPU
	EndGlobalSection
	GlobalSection(SolutionProperties) = preSolution
		HideSolutionNode = FALSE
	EndGlobalSection
EndGlobal
